
Microsoft Visual Studio Solution File, Format Version 12.00
# Visual Studio Version 16
VisualStudioVersion = 16.0.31321.278
MinimumVisualStudioVersion = 10.0.40219.1
Project("{FAE04EC0-301F-11D3-BF4B-00C04F79EFBC}") = "LeetCodeProblems", "LeetCodeProblems\LeetCodeProblems.csproj", "{D20510D2-DDAD-401A-A8ED-40147B8264F8}"
EndProject
Global
	GlobalSection(SolutionConfigurationPlatforms) = preSolution
		Debug|Any CPU = Debug|Any CPU
		Release|Any CPU = Release|Any CPU
	EndGlobalSection
	GlobalSection(ProjectConfigurationPlatforms) = postSolution
		{D20510D2-DDAD-401A-A8ED-40147B8264F8}.Debug|Any CPU.ActiveCfg = Debug|Any CPU
		{D20510D2-DDAD-401A-A8ED-40147B8264F8}.Debug|Any CPU.Build.0 = Debug|Any CPU
		{D20510D2-DDAD-401A-A8ED-40147B8264F8}.Release|Any CPU.ActiveCfg = Release|Any CPU
		{D20510D2-DDAD-401A-A8ED-40147B8264F8}.Release|Any CPU.Build.0 = Release|Any CPU
	EndGlobalSection
	GlobalSection(SolutionProperties) = preSolution
		HideSolutionNode = FALSE
	EndGlobalSection
	GlobalSection(ExtensibilityGlobals) = postSolution
		SolutionGuid = {8CCBBBE5-A21D-41E0-8353-12FDB3182146}
	EndGlobalSection
EndGlobal
